{
  "name": "production_pool_bff",
  "version": "1.0.0",
  "lockfileVersion": 3,
  "requires": true,
  "packages": {
    "": {
      "name": "production_pool_bff",
      "version": "1.0.0",
      "license": "ISC",
      "dependencies": {
        "@aws-cdk/aws-apigateway": "^1.192.0",
        "@aws-cdk/aws-lambda": "^1.192.0"
      }
    },
    "node_modules/@aws-cdk/assets": {
      "version": "1.192.0",
      "resolved": "https://registry.npmjs.org/@aws-cdk/assets/-/assets-1.192.0.tgz",
      "integrity": "sha512-oot+l13rR6T+Mx8tg3ZXiOdMctUXgDLbFoibo/7+RiC3b11wsPG2A3So++7YsY57dqz+YE92becMJ32NMtsMag==",
      "dependencies": {
        "@aws-cdk/core": "1.192.0",
        "@aws-cdk/cx-api": "1.192.0",
        "constructs": "^3.3.69"
      },
      "engines": {
        "node": ">= 14.15.0"
      },
      "peerDependencies": {
        "@aws-cdk/core": "1.192.0",
        "@aws-cdk/cx-api": "1.192.0",
        "constructs": "^3.3.69"
      }
    },
    "node_modules/@aws-cdk/aws-acmpca": {
      "version": "1.192.0",
      "resolved": "https://registry.npmjs.org/@aws-cdk/aws-acmpca/-/aws-acmpca-1.192.0.tgz",
      "integrity": "sha512-4YnR2+qeanq2HeJ+KBMi9US2t76qftfa4UZsphyqeyq+KDyCItfuzhjk005lfK7iEk6e7nTBjwuouVxWXZMkPQ==",
      "dependencies": {
        "@aws-cdk/core": "1.192.0",
        "constructs": "^3.3.69"
      },
      "engines": {
        "node": ">= 14.15.0"
      },
      "peerDependencies": {
        "@aws-cdk/core": "1.192.0",
        "constructs": "^3.3.69"
      }
    },
    "node_modules/@aws-cdk/aws-apigateway": {
      "version": "1.192.0",
      "resolved": "https://registry.npmjs.org/@aws-cdk/aws-apigateway/-/aws-apigateway-1.192.0.tgz",
      "integrity": "sha512-TGD+jaEGxvtz/6wxSFsf/L9N1IIWgpkeAwo0eU6bZ2kx39Kbt0c8hXoFtCdnbScF/fQdPyvnjBknUNPSS/Yn4g==",
      "dependencies": {
        "@aws-cdk/aws-certificatemanager": "1.192.0",
        "@aws-cdk/aws-cloudwatch": "1.192.0",
        "@aws-cdk/aws-cognito": "1.192.0",
        "@aws-cdk/aws-ec2": "1.192.0",
        "@aws-cdk/aws-elasticloadbalancingv2": "1.192.0",
        "@aws-cdk/aws-iam": "1.192.0",
        "@aws-cdk/aws-lambda": "1.192.0",
        "@aws-cdk/aws-logs": "1.192.0",
        "@aws-cdk/aws-s3": "1.192.0",
        "@aws-cdk/aws-s3-assets": "1.192.0",
        "@aws-cdk/aws-stepfunctions": "1.192.0",
        "@aws-cdk/core": "1.192.0",
        "@aws-cdk/cx-api": "1.192.0",
        "constructs": "^3.3.69"
      },
      "engines": {
        "node": ">= 14.15.0"
      },
      "peerDependencies": {
        "@aws-cdk/aws-certificatemanager": "1.192.0",
        "@aws-cdk/aws-cloudwatch": "1.192.0",
        "@aws-cdk/aws-cognito": "1.192.0",
        "@aws-cdk/aws-ec2": "1.192.0",
        "@aws-cdk/aws-elasticloadbalancingv2": "1.192.0",
        "@aws-cdk/aws-iam": "1.192.0",
        "@aws-cdk/aws-lambda": "1.192.0",
        "@aws-cdk/aws-logs": "1.192.0",
        "@aws-cdk/aws-s3": "1.192.0",
        "@aws-cdk/aws-s3-assets": "1.192.0",
        "@aws-cdk/aws-stepfunctions": "1.192.0",
        "@aws-cdk/core": "1.192.0",
        "@aws-cdk/cx-api": "1.192.0",
        "constructs": "^3.3.69"
      }
    },
    "node_modules/@aws-cdk/aws-applicationautoscaling": {
      "version": "1.192.0",
      "resolved": "https://registry.npmjs.org/@aws-cdk/aws-applicationautoscaling/-/aws-applicationautoscaling-1.192.0.tgz",
      "integrity": "sha512-ZC0Wdg/BDCWHUY+331DDDq+6E56S4hAAo+bcEBRqeJU3qJIwmReM8nExCwSS2NE+YCHX2u/H46kqjRwKpJGJiw==",
      "dependencies": {
        "@aws-cdk/aws-autoscaling-common": "1.192.0",
        "@aws-cdk/aws-cloudwatch": "1.192.0",
        "@aws-cdk/aws-iam": "1.192.0",
        "@aws-cdk/core": "1.192.0",
        "constructs": "^3.3.69"
      },
      "engines": {
        "node": ">= 14.15.0"
      },
      "peerDependencies": {
        "@aws-cdk/aws-autoscaling-common": "1.192.0",
        "@aws-cdk/aws-cloudwatch": "1.192.0",
        "@aws-cdk/aws-iam": "1.192.0",
        "@aws-cdk/core": "1.192.0",
        "constructs": "^3.3.69"
      }
    },
    "node_modules/@aws-cdk/aws-autoscaling-common": {
      "version": "1.192.0",
      "resolved": "https://registry.npmjs.org/@aws-cdk/aws-autoscaling-common/-/aws-autoscaling-common-1.192.0.tgz",
      "integrity": "sha512-pCZucacheklrWO2Vg3JXkCmrHyvaoNYroLjL8/ZxqfyoBEsvhllX2adUQRh09exNkoYU5vPy6MrNMaGOjAAP6g==",
      "dependencies": {
        "@aws-cdk/aws-iam": "1.192.0",
        "@aws-cdk/core": "1.192.0",
        "constructs": "^3.3.69"
      },
      "engines": {
        "node": ">= 14.15.0"
      },
      "peerDependencies": {
        "@aws-cdk/aws-iam": "1.192.0",
        "@aws-cdk/core": "1.192.0",
        "constructs": "^3.3.69"
      }
    },
    "node_modules/@aws-cdk/aws-certificatemanager": {
      "version": "1.192.0",
      "resolved": "https://registry.npmjs.org/@aws-cdk/aws-certificatemanager/-/aws-certificatemanager-1.192.0.tgz",
      "integrity": "sha512-3zn5GYDF4ZFQ3o1/xFouDGGCkvUgiaWrBupEGoPZkN7V7NCy+BSHrLNYdzDIh1gCyB0uGM00RS5+0cQ1/HR8zw==",
      "dependencies": {
        "@aws-cdk/aws-acmpca": "1.192.0",
        "@aws-cdk/aws-cloudwatch": "1.192.0",
        "@aws-cdk/aws-iam": "1.192.0",
        "@aws-cdk/aws-lambda": "1.192.0",
        "@aws-cdk/aws-route53": "1.192.0",
        "@aws-cdk/core": "1.192.0",
        "constructs": "^3.3.69"
      },
      "engines": {
        "node": ">= 14.15.0"
      },
      "peerDependencies": {
        "@aws-cdk/aws-acmpca": "1.192.0",
        "@aws-cdk/aws-cloudwatch": "1.192.0",
        "@aws-cdk/aws-iam": "1.192.0",
        "@aws-cdk/aws-lambda": "1.192.0",
        "@aws-cdk/aws-route53": "1.192.0",
        "@aws-cdk/core": "1.192.0",
        "constructs": "^3.3.69"
      }
    },
    "node_modules/@aws-cdk/aws-cloudformation": {
      "version": "1.192.0",
      "resolved": "https://registry.npmjs.org/@aws-cdk/aws-cloudformation/-/aws-cloudformation-1.192.0.tgz",
      "integrity": "sha512-NDxQeM8Buudu3Qex2UhTTgU3UeqDCEHTNKN50+3au9aPXTB+QngXTPu749gOmCh3FCWosXEUeWBSr5ZbL+XnuQ==",
      "dependencies": {
        "@aws-cdk/aws-iam": "1.192.0",
        "@aws-cdk/aws-lambda": "1.192.0",
        "@aws-cdk/aws-s3": "1.192.0",
        "@aws-cdk/aws-sns": "1.192.0",
        "@aws-cdk/core": "1.192.0",
        "@aws-cdk/cx-api": "1.192.0",
        "constructs": "^3.3.69"
      },
      "engines": {
        "node": ">= 14.15.0"
      },
      "peerDependencies": {
        "@aws-cdk/aws-iam": "1.192.0",
        "@aws-cdk/aws-lambda": "1.192.0",
        "@aws-cdk/aws-s3": "1.192.0",
        "@aws-cdk/aws-sns": "1.192.0",
        "@aws-cdk/core": "1.192.0",
        "@aws-cdk/cx-api": "1.192.0",
        "constructs": "^3.3.69"
      }
    },
    "node_modules/@aws-cdk/aws-cloudwatch": {
      "version": "1.192.0",
      "resolved": "https://registry.npmjs.org/@aws-cdk/aws-cloudwatch/-/aws-cloudwatch-1.192.0.tgz",
      "integrity": "sha512-fHxpcESH8quAc2h9qwf7y7N2ahRDs0UnpVJLhxBEm1Ikyb2/je4x/DQv4lHbWxGjCNhayCV6BhS6+ojgSoLs7g==",
      "dependencies": {
        "@aws-cdk/aws-iam": "1.192.0",
        "@aws-cdk/core": "1.192.0",
        "constructs": "^3.3.69"
      },
      "engines": {
        "node": ">= 14.15.0"
      },
      "peerDependencies": {
        "@aws-cdk/aws-iam": "1.192.0",
        "@aws-cdk/core": "1.192.0",
        "constructs": "^3.3.69"
      }
    },
    "node_modules/@aws-cdk/aws-codeguruprofiler": {
      "version": "1.192.0",
      "resolved": "https://registry.npmjs.org/@aws-cdk/aws-codeguruprofiler/-/aws-codeguruprofiler-1.192.0.tgz",
      "integrity": "sha512-ATyT1zZThx3mQO5SoktwpB2e4YchUdJBqtykHVv/DpHnM7XiV3bgxss097iPF3iVXeJXgqz6PuSL4Yom1Nj2uA==",
      "dependencies": {
        "@aws-cdk/aws-iam": "1.192.0",
        "@aws-cdk/core": "1.192.0",
        "constructs": "^3.3.69"
      },
      "engines": {
        "node": ">= 14.15.0"
      },
      "peerDependencies": {
        "@aws-cdk/aws-iam": "1.192.0",
        "@aws-cdk/core": "1.192.0",
        "constructs": "^3.3.69"
      }
    },
    "node_modules/@aws-cdk/aws-codestarnotifications": {
      "version": "1.192.0",
      "resolved": "https://registry.npmjs.org/@aws-cdk/aws-codestarnotifications/-/aws-codestarnotifications-1.192.0.tgz",
      "integrity": "sha512-5QtdWei+Ux8snqAfOj6tOsF/fOpd1VGTPP585G7BBbDwsMPmmFCD+bnAWFCr3njTOUDfm3K9kxwWZ6t+/gNjJA==",
      "dependencies": {
        "@aws-cdk/core": "1.192.0",
        "constructs": "^3.3.69"
      },
      "engines": {
        "node": ">= 14.15.0"
      },
      "peerDependencies": {
        "@aws-cdk/core": "1.192.0",
        "constructs": "^3.3.69"
      }
    },
    "node_modules/@aws-cdk/aws-cognito": {
      "version": "1.192.0",
      "resolved": "https://registry.npmjs.org/@aws-cdk/aws-cognito/-/aws-cognito-1.192.0.tgz",
      "integrity": "sha512-YeHSwgUrcCAirR/RJ+C2AMlio5OG/i+1WMReQX0JkQpTy9/eKgTLTFCVNcJZGCBEHvI1CFF71tkJyu9/xJ/g3Q==",
      "bundleDependencies": [
        "punycode"
      ],
      "dependencies": {
        "@aws-cdk/aws-certificatemanager": "1.192.0",
        "@aws-cdk/aws-iam": "1.192.0",
        "@aws-cdk/aws-kms": "1.192.0",
        "@aws-cdk/aws-lambda": "1.192.0",
        "@aws-cdk/core": "1.192.0",
        "@aws-cdk/custom-resources": "1.192.0",
        "constructs": "^3.3.69",
        "punycode": "^2.3.0"
      },
      "engines": {
        "node": ">= 14.15.0"
      },
      "peerDependencies": {
        "@aws-cdk/aws-certificatemanager": "1.192.0",
        "@aws-cdk/aws-iam": "1.192.0",
        "@aws-cdk/aws-kms": "1.192.0",
        "@aws-cdk/aws-lambda": "1.192.0",
        "@aws-cdk/core": "1.192.0",
        "@aws-cdk/custom-resources": "1.192.0",
        "constructs": "^3.3.69"
      }
    },
    "node_modules/@aws-cdk/aws-cognito/node_modules/punycode": {
      "version": "2.3.0",
      "inBundle": true,
      "license": "MIT",
      "engines": {
        "node": ">=6"
      }
    },
    "node_modules/@aws-cdk/aws-ec2": {
      "version": "1.192.0",
      "resolved": "https://registry.npmjs.org/@aws-cdk/aws-ec2/-/aws-ec2-1.192.0.tgz",
      "integrity": "sha512-bg2e3Pdhk3HFg66mWA7+F08HJ+ERrEqKgOy3JC3x7Iac56W5i3HxWbUx70ttZV5xG7zPJfcZ7LOhYyflYeyY+A==",
      "dependencies": {
        "@aws-cdk/aws-cloudwatch": "1.192.0",
        "@aws-cdk/aws-iam": "1.192.0",
        "@aws-cdk/aws-kms": "1.192.0",
        "@aws-cdk/aws-logs": "1.192.0",
        "@aws-cdk/aws-s3": "1.192.0",
        "@aws-cdk/aws-s3-assets": "1.192.0",
        "@aws-cdk/aws-ssm": "1.192.0",
        "@aws-cdk/cloud-assembly-schema": "1.192.0",
        "@aws-cdk/core": "1.192.0",
        "@aws-cdk/cx-api": "1.192.0",
        "@aws-cdk/region-info": "1.192.0",
        "constructs": "^3.3.69"
      },
      "engines": {
        "node": ">= 14.15.0"
      },
      "peerDependencies": {
        "@aws-cdk/aws-cloudwatch": "1.192.0",
        "@aws-cdk/aws-iam": "1.192.0",
        "@aws-cdk/aws-kms": "1.192.0",
        "@aws-cdk/aws-logs": "1.192.0",
        "@aws-cdk/aws-s3": "1.192.0",
        "@aws-cdk/aws-s3-assets": "1.192.0",
        "@aws-cdk/aws-ssm": "1.192.0",
        "@aws-cdk/cloud-assembly-schema": "1.192.0",
        "@aws-cdk/core": "1.192.0",
        "@aws-cdk/cx-api": "1.192.0",
        "@aws-cdk/region-info": "1.192.0",
        "constructs": "^3.3.69"
      }
    },
    "node_modules/@aws-cdk/aws-ecr": {
      "version": "1.192.0",
      "resolved": "https://registry.npmjs.org/@aws-cdk/aws-ecr/-/aws-ecr-1.192.0.tgz",
      "integrity": "sha512-loIXMkj6B53CscQxQePmcIuYBOCrO+a1ZnOBI1dDT3/LpbIuegMOAV0wrj4dtWKJvlTnqfT3uf82Ec6bioI9uQ==",
      "dependencies": {
        "@aws-cdk/aws-events": "1.192.0",
        "@aws-cdk/aws-iam": "1.192.0",
        "@aws-cdk/aws-kms": "1.192.0",
        "@aws-cdk/core": "1.192.0",
        "constructs": "^3.3.69"
      },
      "engines": {
        "node": ">= 14.15.0"
      },
      "peerDependencies": {
        "@aws-cdk/aws-events": "1.192.0",
        "@aws-cdk/aws-iam": "1.192.0",
        "@aws-cdk/aws-kms": "1.192.0",
        "@aws-cdk/core": "1.192.0",
        "constructs": "^3.3.69"
      }
    },
    "node_modules/@aws-cdk/aws-ecr-assets": {
      "version": "1.192.0",
      "resolved": "https://registry.npmjs.org/@aws-cdk/aws-ecr-assets/-/aws-ecr-assets-1.192.0.tgz",
      "integrity": "sha512-WtqqyQxD2TnhKth3uCDo9Hkk439fqj5O+lvVm8moKW3r4yR/SXqdzJcxNo+bEM9udrUao5M+end95DZCi9AqFw==",
      "dependencies": {
        "@aws-cdk/assets": "1.192.0",
        "@aws-cdk/aws-ecr": "1.192.0",
        "@aws-cdk/aws-iam": "1.192.0",
        "@aws-cdk/aws-s3": "1.192.0",
        "@aws-cdk/core": "1.192.0",
        "@aws-cdk/cx-api": "1.192.0",
        "constructs": "^3.3.69"
      },
      "engines": {
        "node": ">= 14.15.0"
      },
      "peerDependencies": {
        "@aws-cdk/assets": "1.192.0",
        "@aws-cdk/aws-ecr": "1.192.0",
        "@aws-cdk/aws-iam": "1.192.0",
        "@aws-cdk/aws-s3": "1.192.0",
        "@aws-cdk/core": "1.192.0",
        "@aws-cdk/cx-api": "1.192.0",
        "constructs": "^3.3.69"
      }
    },
    "node_modules/@aws-cdk/aws-efs": {
      "version": "1.192.0",
      "resolved": "https://registry.npmjs.org/@aws-cdk/aws-efs/-/aws-efs-1.192.0.tgz",
      "integrity": "sha512-akC0H2cuSWfVDCBKNKUud1sQgbfd+4XotLq4ab+UpSTq/h4YTPWrAYoZ5Og42pi5GBFHMdYmSZusQsPx+gkkPg==",
      "dependencies": {
        "@aws-cdk/aws-ec2": "1.192.0",
        "@aws-cdk/aws-iam": "1.192.0",
        "@aws-cdk/aws-kms": "1.192.0",
        "@aws-cdk/cloud-assembly-schema": "1.192.0",
        "@aws-cdk/core": "1.192.0",
        "@aws-cdk/cx-api": "1.192.0",
        "constructs": "^3.3.69"
      },
      "engines": {
        "node": ">= 14.15.0"
      },
      "peerDependencies": {
        "@aws-cdk/aws-ec2": "1.192.0",
        "@aws-cdk/aws-iam": "1.192.0",
        "@aws-cdk/aws-kms": "1.192.0",
        "@aws-cdk/cloud-assembly-schema": "1.192.0",
        "@aws-cdk/core": "1.192.0",
        "@aws-cdk/cx-api": "1.192.0",
        "constructs": "^3.3.69"
      }
    },
    "node_modules/@aws-cdk/aws-elasticloadbalancingv2": {
      "version": "1.192.0",
      "resolved": "https://registry.npmjs.org/@aws-cdk/aws-elasticloadbalancingv2/-/aws-elasticloadbalancingv2-1.192.0.tgz",
      "integrity": "sha512-wRWob+hPf3ayHl6VdmaZmDxpugQcf8988/H9rsP08OFQiIhHLyMTYGuR3/6Zhtzzxr9fMLp8zCJSmIxvt+gF4w==",
      "dependencies": {
        "@aws-cdk/aws-certificatemanager": "1.192.0",
        "@aws-cdk/aws-cloudwatch": "1.192.0",
        "@aws-cdk/aws-ec2": "1.192.0",
        "@aws-cdk/aws-iam": "1.192.0",
        "@aws-cdk/aws-lambda": "1.192.0",
        "@aws-cdk/aws-route53": "1.192.0",
        "@aws-cdk/aws-s3": "1.192.0",
        "@aws-cdk/cloud-assembly-schema": "1.192.0",
        "@aws-cdk/core": "1.192.0",
        "@aws-cdk/cx-api": "1.192.0",
        "@aws-cdk/region-info": "1.192.0",
        "constructs": "^3.3.69"
      },
      "engines": {
        "node": ">= 14.15.0"
      },
      "peerDependencies": {
        "@aws-cdk/aws-certificatemanager": "1.192.0",
        "@aws-cdk/aws-cloudwatch": "1.192.0",
        "@aws-cdk/aws-ec2": "1.192.0",
        "@aws-cdk/aws-iam": "1.192.0",
        "@aws-cdk/aws-lambda": "1.192.0",
        "@aws-cdk/aws-route53": "1.192.0",
        "@aws-cdk/aws-s3": "1.192.0",
        "@aws-cdk/cloud-assembly-schema": "1.192.0",
        "@aws-cdk/core": "1.192.0",
        "@aws-cdk/cx-api": "1.192.0",
        "@aws-cdk/region-info": "1.192.0",
        "constructs": "^3.3.69"
      }
    },
    "node_modules/@aws-cdk/aws-events": {
      "version": "1.192.0",
      "resolved": "https://registry.npmjs.org/@aws-cdk/aws-events/-/aws-events-1.192.0.tgz",
      "integrity": "sha512-j74UqUqTTY3blKyA8ew+KfSDM7hScIpqkyJ+ZdFHojHW7wPB+D9QSkvqxdGwURs6dfIa7AEmqxFgIySF+Uo1kg==",
      "dependencies": {
        "@aws-cdk/aws-iam": "1.192.0",
        "@aws-cdk/core": "1.192.0",
        "constructs": "^3.3.69"
      },
      "engines": {
        "node": ">= 14.15.0"
      },
      "peerDependencies": {
        "@aws-cdk/aws-iam": "1.192.0",
        "@aws-cdk/core": "1.192.0",
        "constructs": "^3.3.69"
      }
    },
    "node_modules/@aws-cdk/aws-iam": {
      "version": "1.192.0",
      "resolved": "https://registry.npmjs.org/@aws-cdk/aws-iam/-/aws-iam-1.192.0.tgz",
      "integrity": "sha512-at6zG08HMNhsdnd2oWMY63u/MtLtVop2VGikN1aX8HBYX/5UlZmg0QJ9D0qkybx0boh2irwUx+xCjdDglWtLZg==",
      "dependencies": {
        "@aws-cdk/core": "1.192.0",
        "@aws-cdk/cx-api": "1.192.0",
        "@aws-cdk/region-info": "1.192.0",
        "constructs": "^3.3.69"
      },
      "engines": {
        "node": ">= 14.15.0"
      },
      "peerDependencies": {
        "@aws-cdk/core": "1.192.0",
        "@aws-cdk/region-info": "1.192.0",
        "constructs": "^3.3.69"
      }
    },
    "node_modules/@aws-cdk/aws-kms": {
      "version": "1.192.0",
      "resolved": "https://registry.npmjs.org/@aws-cdk/aws-kms/-/aws-kms-1.192.0.tgz",
      "integrity": "sha512-EZg6Lw0abcImvT0y9QX3yPAQgOUgz4X7ntEhKU6ysydvVKaLP2OOPwtBHQJaTlOaHC5371b8QQ2BqYKHkBISQA==",
      "dependencies": {
        "@aws-cdk/aws-iam": "1.192.0",
        "@aws-cdk/cloud-assembly-schema": "1.192.0",
        "@aws-cdk/core": "1.192.0",
        "@aws-cdk/cx-api": "1.192.0",
        "constructs": "^3.3.69"
      },
      "engines": {
        "node": ">= 14.15.0"
      },
      "peerDependencies": {
        "@aws-cdk/aws-iam": "1.192.0",
        "@aws-cdk/cloud-assembly-schema": "1.192.0",
        "@aws-cdk/core": "1.192.0",
        "@aws-cdk/cx-api": "1.192.0",
        "constructs": "^3.3.69"
      }
    },
    "node_modules/@aws-cdk/aws-lambda": {
      "version": "1.192.0",
      "resolved": "https://registry.npmjs.org/@aws-cdk/aws-lambda/-/aws-lambda-1.192.0.tgz",
      "integrity": "sha512-YtEOJiBWzMILuu7+3qsHczawgl42guJFOMyAWrKsCvko3Vj60jA/WsE4qJnP/29cATaSfcu3aEGk+LBN/iapgg==",
      "dependencies": {
        "@aws-cdk/aws-applicationautoscaling": "1.192.0",
        "@aws-cdk/aws-cloudwatch": "1.192.0",
        "@aws-cdk/aws-codeguruprofiler": "1.192.0",
        "@aws-cdk/aws-ec2": "1.192.0",
        "@aws-cdk/aws-ecr": "1.192.0",
        "@aws-cdk/aws-ecr-assets": "1.192.0",
        "@aws-cdk/aws-efs": "1.192.0",
        "@aws-cdk/aws-events": "1.192.0",
        "@aws-cdk/aws-iam": "1.192.0",
        "@aws-cdk/aws-kms": "1.192.0",
        "@aws-cdk/aws-logs": "1.192.0",
        "@aws-cdk/aws-s3": "1.192.0",
        "@aws-cdk/aws-s3-assets": "1.192.0",
        "@aws-cdk/aws-signer": "1.192.0",
        "@aws-cdk/aws-sns": "1.192.0",
        "@aws-cdk/aws-sqs": "1.192.0",
        "@aws-cdk/core": "1.192.0",
        "@aws-cdk/cx-api": "1.192.0",
        "@aws-cdk/region-info": "1.192.0",
        "constructs": "^3.3.69"
      },
      "engines": {
        "node": ">= 14.15.0"
      },
      "peerDependencies": {
        "@aws-cdk/aws-applicationautoscaling": "1.192.0",
        "@aws-cdk/aws-cloudwatch": "1.192.0",
        "@aws-cdk/aws-codeguruprofiler": "1.192.0",
        "@aws-cdk/aws-ec2": "1.192.0",
        "@aws-cdk/aws-ecr": "1.192.0",
        "@aws-cdk/aws-ecr-assets": "1.192.0",
        "@aws-cdk/aws-efs": "1.192.0",
        "@aws-cdk/aws-events": "1.192.0",
        "@aws-cdk/aws-iam": "1.192.0",
        "@aws-cdk/aws-kms": "1.192.0",
        "@aws-cdk/aws-logs": "1.192.0",
        "@aws-cdk/aws-s3": "1.192.0",
        "@aws-cdk/aws-s3-assets": "1.192.0",
        "@aws-cdk/aws-signer": "1.192.0",
        "@aws-cdk/aws-sns": "1.192.0",
        "@aws-cdk/aws-sqs": "1.192.0",
        "@aws-cdk/core": "1.192.0",
        "@aws-cdk/cx-api": "1.192.0",
        "@aws-cdk/region-info": "1.192.0",
        "constructs": "^3.3.69"
      }
    },
    "node_modules/@aws-cdk/aws-logs": {
      "version": "1.192.0",
      "resolved": "https://registry.npmjs.org/@aws-cdk/aws-logs/-/aws-logs-1.192.0.tgz",
      "integrity": "sha512-9yrb3B4LSvKm6JincOwI0mMipt4eEFF1YzHK6LMigX6I3HKtY0trft8cGzgJUD8TDDzyRlNwKa7Ta9/SfmfWeQ==",
      "dependencies": {
        "@aws-cdk/aws-cloudwatch": "1.192.0",
        "@aws-cdk/aws-iam": "1.192.0",
        "@aws-cdk/aws-kms": "1.192.0",
        "@aws-cdk/aws-s3-assets": "1.192.0",
        "@aws-cdk/core": "1.192.0",
        "@aws-cdk/cx-api": "1.192.0",
        "constructs": "^3.3.69"
      },
      "engines": {
        "node": ">= 14.15.0"
      },
      "peerDependencies": {
        "@aws-cdk/aws-cloudwatch": "1.192.0",
        "@aws-cdk/aws-iam": "1.192.0",
        "@aws-cdk/aws-kms": "1.192.0",
        "@aws-cdk/aws-s3-assets": "1.192.0",
        "@aws-cdk/core": "1.192.0",
        "@aws-cdk/cx-api": "1.192.0",
        "constructs": "^3.3.69"
      }
    },
    "node_modules/@aws-cdk/aws-route53": {
      "version": "1.192.0",
      "resolved": "https://registry.npmjs.org/@aws-cdk/aws-route53/-/aws-route53-1.192.0.tgz",
      "integrity": "sha512-CFHpbmyzixMD59+LipveBHwv/1aiBbrqVtsx45+jR87a2Y/dhLbzDwSxBCC+u0YMtCv3Lpocgnz/cUBQDm9RxA==",
      "dependencies": {
        "@aws-cdk/aws-ec2": "1.192.0",
        "@aws-cdk/aws-iam": "1.192.0",
        "@aws-cdk/aws-logs": "1.192.0",
        "@aws-cdk/cloud-assembly-schema": "1.192.0",
        "@aws-cdk/core": "1.192.0",
        "@aws-cdk/custom-resources": "1.192.0",
        "constructs": "^3.3.69"
      },
      "engines": {
        "node": ">= 14.15.0"
      },
      "peerDependencies": {
        "@aws-cdk/aws-ec2": "1.192.0",
        "@aws-cdk/aws-iam": "1.192.0",
        "@aws-cdk/aws-logs": "1.192.0",
        "@aws-cdk/cloud-assembly-schema": "1.192.0",
        "@aws-cdk/core": "1.192.0",
        "@aws-cdk/custom-resources": "1.192.0",
        "constructs": "^3.3.69"
      }
    },
    "node_modules/@aws-cdk/aws-s3": {
      "version": "1.192.0",
      "resolved": "https://registry.npmjs.org/@aws-cdk/aws-s3/-/aws-s3-1.192.0.tgz",
      "integrity": "sha512-XhHG1wqJjlqqrtV3BXazafeog8IFHK1PF31owD0PuLSsYvjl0lSG7kRvLBFxHW1ewC/t9cC0NZDnj0XBEKIf0Q==",
      "dependencies": {
        "@aws-cdk/aws-events": "1.192.0",
        "@aws-cdk/aws-iam": "1.192.0",
        "@aws-cdk/aws-kms": "1.192.0",
        "@aws-cdk/core": "1.192.0",
        "@aws-cdk/cx-api": "1.192.0",
        "constructs": "^3.3.69"
      },
      "engines": {
        "node": ">= 14.15.0"
      },
      "peerDependencies": {
        "@aws-cdk/aws-events": "1.192.0",
        "@aws-cdk/aws-iam": "1.192.0",
        "@aws-cdk/aws-kms": "1.192.0",
        "@aws-cdk/core": "1.192.0",
        "@aws-cdk/cx-api": "1.192.0",
        "constructs": "^3.3.69"
      }
    },
    "node_modules/@aws-cdk/aws-s3-assets": {
      "version": "1.192.0",
      "resolved": "https://registry.npmjs.org/@aws-cdk/aws-s3-assets/-/aws-s3-assets-1.192.0.tgz",
      "integrity": "sha512-VXAgkvwukDsWVrUp3Nn5nHO8S8JYK67/w06okHsBfPR3/3X2UTDnsbO0C4BO/GuQda09dcl5uaqX3eyDg11bQg==",
      "dependencies": {
        "@aws-cdk/assets": "1.192.0",
        "@aws-cdk/aws-iam": "1.192.0",
        "@aws-cdk/aws-kms": "1.192.0",
        "@aws-cdk/aws-s3": "1.192.0",
        "@aws-cdk/core": "1.192.0",
        "@aws-cdk/cx-api": "1.192.0",
        "constructs": "^3.3.69"
      },
      "engines": {
        "node": ">= 14.15.0"
      },
      "peerDependencies": {
        "@aws-cdk/assets": "1.192.0",
        "@aws-cdk/aws-iam": "1.192.0",
        "@aws-cdk/aws-kms": "1.192.0",
        "@aws-cdk/aws-s3": "1.192.0",
        "@aws-cdk/core": "1.192.0",
        "@aws-cdk/cx-api": "1.192.0",
        "constructs": "^3.3.69"
      }
    },
    "node_modules/@aws-cdk/aws-signer": {
      "version": "1.192.0",
      "resolved": "https://registry.npmjs.org/@aws-cdk/aws-signer/-/aws-signer-1.192.0.tgz",
      "integrity": "sha512-IFXRpal61dBABS61sfDfl+7ZOdxU6e6Ru+ig3hrL6EdN1BLTgaCIqKfZ1geCUr94UekB9KTmAgvrNTh9DAnY5A==",
      "dependencies": {
        "@aws-cdk/core": "1.192.0",
        "constructs": "^3.3.69"
      },
      "engines": {
        "node": ">= 14.15.0"
      },
      "peerDependencies": {
        "@aws-cdk/core": "1.192.0",
        "constructs": "^3.3.69"
      }
    },
    "node_modules/@aws-cdk/aws-sns": {
      "version": "1.192.0",
      "resolved": "https://registry.npmjs.org/@aws-cdk/aws-sns/-/aws-sns-1.192.0.tgz",
      "integrity": "sha512-ve/eNMAuuHoKiCYAkdRq+Ovpp/GENZCkBe1NKmiEdmGdwvBW3MAr0Eac3m7NvxQHtT+Xoaa7hMXaP8lLTcyK8g==",
      "dependencies": {
        "@aws-cdk/aws-cloudwatch": "1.192.0",
        "@aws-cdk/aws-codestarnotifications": "1.192.0",
        "@aws-cdk/aws-events": "1.192.0",
        "@aws-cdk/aws-iam": "1.192.0",
        "@aws-cdk/aws-kms": "1.192.0",
        "@aws-cdk/aws-sqs": "1.192.0",
        "@aws-cdk/core": "1.192.0",
        "constructs": "^3.3.69"
      },
      "engines": {
        "node": ">= 14.15.0"
      },
      "peerDependencies": {
        "@aws-cdk/aws-cloudwatch": "1.192.0",
        "@aws-cdk/aws-codestarnotifications": "1.192.0",
        "@aws-cdk/aws-events": "1.192.0",
        "@aws-cdk/aws-iam": "1.192.0",
        "@aws-cdk/aws-kms": "1.192.0",
        "@aws-cdk/aws-sqs": "1.192.0",
        "@aws-cdk/core": "1.192.0",
        "constructs": "^3.3.69"
      }
    },
    "node_modules/@aws-cdk/aws-sqs": {
      "version": "1.192.0",
      "resolved": "https://registry.npmjs.org/@aws-cdk/aws-sqs/-/aws-sqs-1.192.0.tgz",
      "integrity": "sha512-bg8kzBR4sriQA9TUKGKSkvM+YWYsjxOwfnND10+JEVs01zJJUFqWi/YLxOJsygactMp03WhMIZ1LDpP1Ni+byQ==",
      "dependencies": {
        "@aws-cdk/aws-cloudwatch": "1.192.0",
        "@aws-cdk/aws-iam": "1.192.0",
        "@aws-cdk/aws-kms": "1.192.0",
        "@aws-cdk/core": "1.192.0",
        "constructs": "^3.3.69"
      },
      "engines": {
        "node": ">= 14.15.0"
      },
      "peerDependencies": {
        "@aws-cdk/aws-cloudwatch": "1.192.0",
        "@aws-cdk/aws-iam": "1.192.0",
        "@aws-cdk/aws-kms": "1.192.0",
        "@aws-cdk/core": "1.192.0",
        "constructs": "^3.3.69"
      }
    },
    "node_modules/@aws-cdk/aws-ssm": {
      "version": "1.192.0",
      "resolved": "https://registry.npmjs.org/@aws-cdk/aws-ssm/-/aws-ssm-1.192.0.tgz",
      "integrity": "sha512-d4FDsXSuUZWrSDPnaQQr1Nspw7iDonpZd4GkAKPayLoo+FoJbOeTWcsS8USg6OAXr9+oQG+CzYbSypEy1nFAzQ==",
      "dependencies": {
        "@aws-cdk/aws-iam": "1.192.0",
        "@aws-cdk/aws-kms": "1.192.0",
        "@aws-cdk/cloud-assembly-schema": "1.192.0",
        "@aws-cdk/core": "1.192.0",
        "constructs": "^3.3.69"
      },
      "engines": {
        "node": ">= 14.15.0"
      },
      "peerDependencies": {
        "@aws-cdk/aws-iam": "1.192.0",
        "@aws-cdk/aws-kms": "1.192.0",
        "@aws-cdk/cloud-assembly-schema": "1.192.0",
        "@aws-cdk/core": "1.192.0",
        "constructs": "^3.3.69"
      }
    },
    "node_modules/@aws-cdk/aws-stepfunctions": {
      "version": "1.192.0",
      "resolved": "https://registry.npmjs.org/@aws-cdk/aws-stepfunctions/-/aws-stepfunctions-1.192.0.tgz",
      "integrity": "sha512-tVzfPlpAN7912Fv4pPjQIYdbwP3Hw+osCgQBC1vPb5z0EEQRzAPIMx9qG5gMWsvvCPoskN/RCkXmv2kv4Sat7g==",
      "dependencies": {
        "@aws-cdk/aws-cloudwatch": "1.192.0",
        "@aws-cdk/aws-events": "1.192.0",
        "@aws-cdk/aws-iam": "1.192.0",
        "@aws-cdk/aws-logs": "1.192.0",
        "@aws-cdk/aws-s3": "1.192.0",
        "@aws-cdk/core": "1.192.0",
        "constructs": "^3.3.69"
      },
      "engines": {
        "node": ">= 14.15.0"
      },
      "peerDependencies": {
        "@aws-cdk/aws-cloudwatch": "1.192.0",
        "@aws-cdk/aws-events": "1.192.0",
        "@aws-cdk/aws-iam": "1.192.0",
        "@aws-cdk/aws-logs": "1.192.0",
        "@aws-cdk/aws-s3": "1.192.0",
        "@aws-cdk/core": "1.192.0",
        "constructs": "^3.3.69"
      }
    },
    "node_modules/@aws-cdk/cloud-assembly-schema": {
      "version": "1.192.0",
      "resolved": "https://registry.npmjs.org/@aws-cdk/cloud-assembly-schema/-/cloud-assembly-schema-1.192.0.tgz",
      "integrity": "sha512-1ffcrqK7zH+prcbvn5KZrDYOHRkv/7AjASsy4vJPgyM0BseIW9awjGKqV2+Rzx+5YdsYbLQrMJFzMuqmc9AclA==",
      "bundleDependencies": [
        "jsonschema",
        "semver"
      ],
      "dependencies": {
        "jsonschema": "^1.4.1",
        "semver": "^7.3.8"
      },
      "engines": {
        "node": ">= 14.15.0"
      }
    },
    "node_modules/@aws-cdk/cloud-assembly-schema/node_modules/jsonschema": {
      "version": "1.4.1",
      "inBundle": true,
      "license": "MIT",
      "engines": {
        "node": "*"
      }
    },
    "node_modules/@aws-cdk/cloud-assembly-schema/node_modules/lru-cache": {
      "version": "6.0.0",
      "inBundle": true,
      "license": "ISC",
      "dependencies": {
        "yallist": "^4.0.0"
      },
      "engines": {
        "node": ">=10"
      }
    },
    "node_modules/@aws-cdk/cloud-assembly-schema/node_modules/semver": {
      "version": "7.3.8",
      "inBundle": true,
      "license": "ISC",
      "dependencies": {
        "lru-cache": "^6.0.0"
      },
      "bin": {
        "semver": "bin/semver.js"
      },
      "engines": {
        "node": ">=10"
      }
    },
    "node_modules/@aws-cdk/cloud-assembly-schema/node_modules/yallist": {
      "version": "4.0.0",
      "inBundle": true,
      "license": "ISC"
    },
    "node_modules/@aws-cdk/core": {
      "version": "1.192.0",
      "resolved": "https://registry.npmjs.org/@aws-cdk/core/-/core-1.192.0.tgz",
      "integrity": "sha512-XQJtCdne3+H8nJodsspYIi6LpM50srUXcD8em+ewTh9XJnsESXpeeNbbwfcPiOetyabHjS8hM5FsiZF4BZtVkw==",
      "bundleDependencies": [
        "fs-extra",
        "minimatch",
        "@balena/dockerignore",
        "ignore"
      ],
      "dependencies": {
        "@aws-cdk/cloud-assembly-schema": "1.192.0",
        "@aws-cdk/cx-api": "1.192.0",
        "@aws-cdk/region-info": "1.192.0",
        "@balena/dockerignore": "^1.0.2",
        "constructs": "^3.3.69",
        "fs-extra": "^9.1.0",
        "ignore": "^5.2.4",
        "minimatch": "^3.1.2"
      },
      "engines": {
        "node": ">= 14.15.0"
      },
      "peerDependencies": {
        "@aws-cdk/cloud-assembly-schema": "1.192.0",
        "@aws-cdk/cx-api": "1.192.0",
        "@aws-cdk/region-info": "1.192.0",
        "constructs": "^3.3.69"
      }
    },
    "node_modules/@aws-cdk/core/node_modules/@balena/dockerignore": {
      "version": "1.0.2",
      "inBundle": true,
      "license": "Apache-2.0"
    },
    "node_modules/@aws-cdk/core/node_modules/at-least-node": {
      "version": "1.0.0",
      "inBundle": true,
      "license": "ISC",
      "engines": {
        "node": ">= 4.0.0"
      }
    },
    "node_modules/@aws-cdk/core/node_modules/balanced-match": {
      "version": "1.0.2",
      "inBundle": true,
      "license": "MIT"
    },
    "node_modules/@aws-cdk/core/node_modules/brace-expansion": {
      "version": "1.1.11",
      "inBundle": true,
      "license": "MIT",
      "dependencies": {
        "balanced-match": "^1.0.0",
        "concat-map": "0.0.1"
      }
    },
    "node_modules/@aws-cdk/core/node_modules/concat-map": {
      "version": "0.0.1",
      "inBundle": true,
      "license": "MIT"
    },
    "node_modules/@aws-cdk/core/node_modules/fs-extra": {
      "version": "9.1.0",
      "inBundle": true,
      "license": "MIT",
      "dependencies": {
        "at-least-node": "^1.0.0",
        "graceful-fs": "^4.2.0",
        "jsonfile": "^6.0.1",
        "universalify": "^2.0.0"
      },
      "engines": {
        "node": ">=10"
      }
    },
    "node_modules/@aws-cdk/core/node_modules/graceful-fs": {
      "version": "4.2.10",
      "inBundle": true,
      "license": "ISC"
    },
    "node_modules/@aws-cdk/core/node_modules/ignore": {
      "version": "5.2.4",
      "inBundle": true,
      "license": "MIT",
      "engines": {
        "node": ">= 4"
      }
    },
    "node_modules/@aws-cdk/core/node_modules/jsonfile": {
      "version": "6.1.0",
      "inBundle": true,
      "license": "MIT",
      "dependencies": {
        "universalify": "^2.0.0"
      },
      "optionalDependencies": {
        "graceful-fs": "^4.1.6"
      }
    },
    "node_modules/@aws-cdk/core/node_modules/minimatch": {
      "version": "3.1.2",
      "inBundle": true,
      "license": "ISC",
      "dependencies": {
        "brace-expansion": "^1.1.7"
      },
      "engines": {
        "node": "*"
      }
    },
    "node_modules/@aws-cdk/core/node_modules/universalify": {
      "version": "2.0.0",
      "inBundle": true,
      "license": "MIT",
      "engines": {
        "node": ">= 10.0.0"
      }
    },
    "node_modules/@aws-cdk/custom-resources": {
      "version": "1.192.0",
      "resolved": "https://registry.npmjs.org/@aws-cdk/custom-resources/-/custom-resources-1.192.0.tgz",
      "integrity": "sha512-d+59kZvbISQQbZS8WfSoRHZoCDm0iV1eAT0y7vMPorLS+ToLWaROXZnuPP0ptOx1Am4e8xKYFKJ5Jg4cKSdo9A==",
      "dependencies": {
        "@aws-cdk/aws-cloudformation": "1.192.0",
        "@aws-cdk/aws-ec2": "1.192.0",
        "@aws-cdk/aws-iam": "1.192.0",
        "@aws-cdk/aws-lambda": "1.192.0",
        "@aws-cdk/aws-logs": "1.192.0",
        "@aws-cdk/aws-sns": "1.192.0",
        "@aws-cdk/core": "1.192.0",
        "constructs": "^3.3.69"
      },
      "engines": {
        "node": ">= 14.15.0"
      },
      "peerDependencies": {
        "@aws-cdk/aws-cloudformation": "1.192.0",
        "@aws-cdk/aws-ec2": "1.192.0",
        "@aws-cdk/aws-iam": "1.192.0",
        "@aws-cdk/aws-lambda": "1.192.0",
        "@aws-cdk/aws-logs": "1.192.0",
        "@aws-cdk/aws-sns": "1.192.0",
        "@aws-cdk/core": "1.192.0",
        "constructs": "^3.3.69"
      }
    },
    "node_modules/@aws-cdk/cx-api": {
      "version": "1.192.0",
      "resolved": "https://registry.npmjs.org/@aws-cdk/cx-api/-/cx-api-1.192.0.tgz",
      "integrity": "sha512-GEUHbfnxpvCehS/moM96xvdUdL8S074xOGFUF7ox1qXdIR0IzXhghhy4AAK9EXpfUQocmh4obEU2ja3qnGht1Q==",
      "bundleDependencies": [
        "semver"
      ],
      "dependencies": {
        "@aws-cdk/cloud-assembly-schema": "1.192.0",
        "semver": "^7.3.8"
      },
      "engines": {
        "node": ">= 14.15.0"
      },
      "peerDependencies": {
        "@aws-cdk/cloud-assembly-schema": "1.192.0"
      }
    },
    "node_modules/@aws-cdk/cx-api/node_modules/lru-cache": {
      "version": "6.0.0",
      "inBundle": true,
      "license": "ISC",
      "dependencies": {
        "yallist": "^4.0.0"
      },
      "engines": {
        "node": ">=10"
      }
    },
    "node_modules/@aws-cdk/cx-api/node_modules/semver": {
      "version": "7.3.8",
      "inBundle": true,
      "license": "ISC",
      "dependencies": {
        "lru-cache": "^6.0.0"
      },
      "bin": {
        "semver": "bin/semver.js"
      },
      "engines": {
        "node": ">=10"
      }
    },
    "node_modules/@aws-cdk/cx-api/node_modules/yallist": {
      "version": "4.0.0",
      "inBundle": true,
      "license": "ISC"
    },
    "node_modules/@aws-cdk/region-info": {
      "version": "1.192.0",
      "resolved": "https://registry.npmjs.org/@aws-cdk/region-info/-/region-info-1.192.0.tgz",
      "integrity": "sha512-lYDu8lMCwcx9Cb0sXyjLHxKXh0T76jKQbw/LLHBmR5R9cZTQyOhcE9TDTQJpoxmQpyxErCfS2nJ6KkZh7/ukDg==",
      "engines": {
        "node": ">= 14.15.0"
      }
    },
    "node_modules/constructs": {
      "version": "3.4.242",
      "resolved": "https://registry.npmjs.org/constructs/-/constructs-3.4.242.tgz",
      "integrity": "sha512-Nwrnbw61AkT1gOP6uvfPioVA+XjnEp08rukpoKqfoIP/MCbMm/oFHOUZp5YXN1ecoR401S15jjbueAxULVfOag==",
      "engines": {
        "node": ">= 14.17.0"
      }
    }
  }
}
